{
  "nodes": {
    "limine": {
      "inputs": {
        "nixpkgs": [
          "nixpkgs"
        ]
      },
      "locked": {
        "lastModified": 1665834673,
        "narHash": "sha256-d1onX7KHG5fBfcQ7epOcr9XPNU00UVb1yjkOKABzGiw=",
        "owner": "czapek1337",
        "repo": "limine-nix",
        "rev": "1611ab26f9441b63d12d069e8ca5d66a09ef195d",
        "type": "github"
      },
      "original": {
        "owner": "czapek1337",
        "repo": "limine-nix",
        "type": "github"
      }
    },
    "nixpkgs": {
      "locked": {
        "lastModified": 1672080458,
        "narHash": "sha256-Ukjn8YUwZevxDPaVUmTx2sf9bCcIJSasmLz+xjGBKrs=",
        "owner": "NixOS",
        "repo": "nixpkgs",
        "rev": "1eb875e811dd59e21e77f6337f2c1592889b48b3",
        "type": "github"
      },
      "original": {
        "owner": "NixOS",
        "ref": "nixos-unstable",
        "repo": "nixpkgs",
        "type": "github"
      }
    },
    "root": {
      "inputs": {
        "limine": "limine",
        "nixpkgs": "nixpkgs"
      }
    }
  },
  "root": "root",
  "version": 7
}
